
Microsoft Visual Studio Solution File, Format Version 12.00
# Visual Studio Version 16
VisualStudioVersion = 16.0.31702.278
MinimumVisualStudioVersion = 10.0.40219.1
Project("{FAE04EC0-301F-11D3-BF4B-00C04F79EFBC}") = "WpfApp3", "WpfApp3\WpfApp3.csproj", "{5471AD95-1582-46AB-9AD5-EB611277A7EB}"
EndProject
Global
	GlobalSection(SolutionConfigurationPlatforms) = preSolution
		Debug|Any CPU = Debug|Any CPU
		Release|Any CPU = Release|Any CPU
	EndGlobalSection
	GlobalSection(ProjectConfigurationPlatforms) = postSolution
		{5471AD95-1582-46AB-9AD5-EB611277A7EB}.Debug|Any CPU.ActiveCfg = Debug|Any CPU
		{5471AD95-1582-46AB-9AD5-EB611277A7EB}.Debug|Any CPU.Build.0 = Debug|Any CPU
		{5471AD95-1582-46AB-9AD5-EB611277A7EB}.Release|Any CPU.ActiveCfg = Release|Any CPU
		{5471AD95-1582-46AB-9AD5-EB611277A7EB}.Release|Any CPU.Build.0 = Release|Any CPU
	EndGlobalSection
	GlobalSection(SolutionProperties) = preSolution
		HideSolutionNode = FALSE
	EndGlobalSection
	GlobalSection(ExtensibilityGlobals) = postSolution
		SolutionGuid = {D4590282-C3FB-46ED-8BFA-F081F5B9AB55}
	EndGlobalSection
EndGlobal
