
Microsoft Visual Studio Solution File, Format Version 12.00
# Visual Studio Version 16
VisualStudioVersion = 16.0.31702.278
MinimumVisualStudioVersion = 10.0.40219.1
Project("{FAE04EC0-301F-11D3-BF4B-00C04F79EFBC}") = "WpfApp4(Material)", "WpfApp4(Material)\WpfApp4(Material).csproj", "{283108FE-9BD5-4DA5-94BC-C1E6AD36D25A}"
EndProject
Global
	GlobalSection(SolutionConfigurationPlatforms) = preSolution
		Debug|Any CPU = Debug|Any CPU
		Release|Any CPU = Release|Any CPU
	EndGlobalSection
	GlobalSection(ProjectConfigurationPlatforms) = postSolution
		{283108FE-9BD5-4DA5-94BC-C1E6AD36D25A}.Debug|Any CPU.ActiveCfg = Debug|Any CPU
		{283108FE-9BD5-4DA5-94BC-C1E6AD36D25A}.Debug|Any CPU.Build.0 = Debug|Any CPU
		{283108FE-9BD5-4DA5-94BC-C1E6AD36D25A}.Release|Any CPU.ActiveCfg = Release|Any CPU
		{283108FE-9BD5-4DA5-94BC-C1E6AD36D25A}.Release|Any CPU.Build.0 = Release|Any CPU
	EndGlobalSection
	GlobalSection(SolutionProperties) = preSolution
		HideSolutionNode = FALSE
	EndGlobalSection
	GlobalSection(ExtensibilityGlobals) = postSolution
		SolutionGuid = {24079930-2018-4887-836B-9FC817DE5C1A}
	EndGlobalSection
EndGlobal
