
Microsoft Visual Studio Solution File, Format Version 12.00
# Visual Studio Version 16
VisualStudioVersion = 16.0.31702.278
MinimumVisualStudioVersion = 10.0.40219.1
Project("{FAE04EC0-301F-11D3-BF4B-00C04F79EFBC}") = "WpfApp1", "WpfApp1\WpfApp1.csproj", "{54C13705-FBD5-4D27-BE37-846FA771E65F}"
EndProject
Global
	GlobalSection(SolutionConfigurationPlatforms) = preSolution
		Debug|Any CPU = Debug|Any CPU
		Release|Any CPU = Release|Any CPU
	EndGlobalSection
	GlobalSection(ProjectConfigurationPlatforms) = postSolution
		{54C13705-FBD5-4D27-BE37-846FA771E65F}.Debug|Any CPU.ActiveCfg = Debug|Any CPU
		{54C13705-FBD5-4D27-BE37-846FA771E65F}.Debug|Any CPU.Build.0 = Debug|Any CPU
		{54C13705-FBD5-4D27-BE37-846FA771E65F}.Release|Any CPU.ActiveCfg = Release|Any CPU
		{54C13705-FBD5-4D27-BE37-846FA771E65F}.Release|Any CPU.Build.0 = Release|Any CPU
	EndGlobalSection
	GlobalSection(SolutionProperties) = preSolution
		HideSolutionNode = FALSE
	EndGlobalSection
	GlobalSection(ExtensibilityGlobals) = postSolution
		SolutionGuid = {A112FC21-F8B8-473D-A37C-5A15E5BCF0DC}
	EndGlobalSection
EndGlobal
