
Microsoft Visual Studio Solution File, Format Version 12.00
# Visual Studio Version 16
VisualStudioVersion = 16.0.31702.278
MinimumVisualStudioVersion = 10.0.40219.1
Project("{FAE04EC0-301F-11D3-BF4B-00C04F79EFBC}") = "WpfApp4", "WpfApp4\WpfApp4.csproj", "{878DA5CC-F6E0-4F75-98CA-B97CA41D8CB7}"
EndProject
Global
	GlobalSection(SolutionConfigurationPlatforms) = preSolution
		Debug|Any CPU = Debug|Any CPU
		Release|Any CPU = Release|Any CPU
	EndGlobalSection
	GlobalSection(ProjectConfigurationPlatforms) = postSolution
		{878DA5CC-F6E0-4F75-98CA-B97CA41D8CB7}.Debug|Any CPU.ActiveCfg = Debug|Any CPU
		{878DA5CC-F6E0-4F75-98CA-B97CA41D8CB7}.Debug|Any CPU.Build.0 = Debug|Any CPU
		{878DA5CC-F6E0-4F75-98CA-B97CA41D8CB7}.Release|Any CPU.ActiveCfg = Release|Any CPU
		{878DA5CC-F6E0-4F75-98CA-B97CA41D8CB7}.Release|Any CPU.Build.0 = Release|Any CPU
	EndGlobalSection
	GlobalSection(SolutionProperties) = preSolution
		HideSolutionNode = FALSE
	EndGlobalSection
	GlobalSection(ExtensibilityGlobals) = postSolution
		SolutionGuid = {23AE1735-DE84-44E6-A8A0-C96BD8313FBF}
	EndGlobalSection
EndGlobal
